
Microsoft Visual Studio Solution File, Format Version 12.00
# Visual Studio Version 17
VisualStudioVersion = 17.14.36202.13 d17.14
MinimumVisualStudioVersion = 10.0.40219.1
Project("{FAE04EC0-301F-11D3-BF4B-00C04F79EFBC}") = "Calculations", "Calculations\Calculations.csproj", "{CF50B228-02A5-450F-BCE8-32685875701C}"
EndProject
Project("{FAE04EC0-301F-11D3-BF4B-00C04F79EFBC}") = "Calculations.Test", "Calculations.Test\Calculations.Test.csproj", "{64288434-7292-4168-A29F-1FC5C2820EC3}"
EndProject
Global
	GlobalSection(SolutionConfigurationPlatforms) = preSolution
		Debug|Any CPU = Debug|Any CPU
		Release|Any CPU = Release|Any CPU
	EndGlobalSection
	GlobalSection(ProjectConfigurationPlatforms) = postSolution
		{CF50B228-02A5-450F-BCE8-32685875701C}.Debug|Any CPU.ActiveCfg = Debug|Any CPU
		{CF50B228-02A5-450F-BCE8-32685875701C}.Debug|Any CPU.Build.0 = Debug|Any CPU
		{CF50B228-02A5-450F-BCE8-32685875701C}.Release|Any CPU.ActiveCfg = Release|Any CPU
		{CF50B228-02A5-450F-BCE8-32685875701C}.Release|Any CPU.Build.0 = Release|Any CPU
		{64288434-7292-4168-A29F-1FC5C2820EC3}.Debug|Any CPU.ActiveCfg = Debug|Any CPU
		{64288434-7292-4168-A29F-1FC5C2820EC3}.Debug|Any CPU.Build.0 = Debug|Any CPU
		{64288434-7292-4168-A29F-1FC5C2820EC3}.Release|Any CPU.ActiveCfg = Release|Any CPU
		{64288434-7292-4168-A29F-1FC5C2820EC3}.Release|Any CPU.Build.0 = Release|Any CPU
	EndGlobalSection
	GlobalSection(SolutionProperties) = preSolution
		HideSolutionNode = FALSE
	EndGlobalSection
	GlobalSection(ExtensibilityGlobals) = postSolution
		SolutionGuid = {0D68F283-7C1A-46A7-B617-422E413AEC54}
	EndGlobalSection
EndGlobal
